Microsoft Visual Studio Solution File, Format Version 11.00
# Visual Studio 2019

Project("{8BC9CEB8-8B4A-11D0-8D11-00A0C91BC942}") = "diverno_plugin - Standalone Plugin", "diverno_plugin_StandalonePlugin.vcxproj", "{1DD693FE-97D8-C747-8546-8034C64D73D6}"
	ProjectSection(ProjectDependencies) = postProject
		{0F96A416-130A-9DE5-65C7-B47AFDFCFD93} = {0F96A416-130A-9DE5-65C7-B47AFDFCFD93}
	EndProjectSection
EndProject
Project("{8BC9CEB8-8B4A-11D0-8D11-00A0C91BC942}") = "diverno_plugin - VST3", "diverno_plugin_VST3.vcxproj", "{702B2746-9DB8-4A82-F633-09FADE35994F}"
	ProjectSection(ProjectDependencies) = postProject
		{0F96A416-130A-9DE5-65C7-B47AFDFCFD93} = {0F96A416-130A-9DE5-65C7-B47AFDFCFD93}
	EndProjectSection
EndProject
Project("{8BC9CEB8-8B4A-11D0-8D11-00A0C91BC942}") = "diverno_plugin - Shared Code", "diverno_plugin_SharedCode.vcxproj", "{0F96A416-130A-9DE5-65C7-B47AFDFCFD93}"
EndProject
Global
	GlobalSection(SolutionConfigurationPlatforms) = preSolution
		Debug|x64 = Debug|x64
		Release|x64 = Release|x64
	EndGlobalSection
	GlobalSection(ProjectConfigurationPlatforms) = postSolution
		{702B2746-9DB8-4A82-F633-09FADE35994F}.Debug|x64.ActiveCfg = Debug|x64
		{702B2746-9DB8-4A82-F633-09FADE35994F}.Debug|x64.Build.0 = Debug|x64
		{702B2746-9DB8-4A82-F633-09FADE35994F}.Release|x64.ActiveCfg = Release|x64
		{702B2746-9DB8-4A82-F633-09FADE35994F}.Release|x64.Build.0 = Release|x64
		{1DD693FE-97D8-C747-8546-8034C64D73D6}.Debug|x64.ActiveCfg = Debug|x64
		{1DD693FE-97D8-C747-8546-8034C64D73D6}.Debug|x64.Build.0 = Debug|x64
		{1DD693FE-97D8-C747-8546-8034C64D73D6}.Release|x64.ActiveCfg = Release|x64
		{1DD693FE-97D8-C747-8546-8034C64D73D6}.Release|x64.Build.0 = Release|x64
		{0F96A416-130A-9DE5-65C7-B47AFDFCFD93}.Debug|x64.ActiveCfg = Debug|x64
		{0F96A416-130A-9DE5-65C7-B47AFDFCFD93}.Debug|x64.Build.0 = Debug|x64
		{0F96A416-130A-9DE5-65C7-B47AFDFCFD93}.Release|x64.ActiveCfg = Release|x64
		{0F96A416-130A-9DE5-65C7-B47AFDFCFD93}.Release|x64.Build.0 = Release|x64
	EndGlobalSection
	GlobalSection(SolutionProperties) = preSolution
		HideSolutionNode = FALSE
	EndGlobalSection
EndGlobal
